
Microsoft Visual Studio Solution File, Format Version 12.00
# Visual Studio Version 16
VisualStudioVersion = 16.0.31729.503
MinimumVisualStudioVersion = 10.0.40219.1
Project("{9A19103F-16F7-4668-BE54-9A1E7A4F7556}") = "Gibbed.SleepingDogs.FileFormats", "projects\Gibbed.SleepingDogs.FileFormats\Gibbed.SleepingDogs.FileFormats.csproj", "{923CEC88-3028-4B7D-9BD9-D7E5F5B24BE7}"
EndProject
Project("{2150E333-8FDC-42A3-9474-1A3956D46DE8}") = "Misc", "Misc", "{AB74611D-7D06-409D-BFE1-4D8ABAE3CA5C}"
EndProject
Project("{9A19103F-16F7-4668-BE54-9A1E7A4F7556}") = "Gibbed.IO", "projects\Gibbed.IO\Gibbed.IO.csproj", "{047857BA-DAA3-4CA7-AFB8-A1B082B28C6A}"
EndProject
Project("{9A19103F-16F7-4668-BE54-9A1E7A4F7556}") = "Gibbed.ProjectData", "projects\Gibbed.ProjectData\Gibbed.ProjectData.csproj", "{F27A289E-3376-4653-89F3-D19C1ECABF33}"
EndProject
Project("{9A19103F-16F7-4668-BE54-9A1E7A4F7556}") = "NDesk.Options", "projects\NDesk.Options\NDesk.Options.csproj", "{C98A6CD6-9422-4B35-8B7A-F520D75534D1}"
EndProject
Project("{9A19103F-16F7-4668-BE54-9A1E7A4F7556}") = "RebuildFileLists", "projects\RebuildFileLists\RebuildFileLists.csproj", "{4D93E22C-A19D-4044-ACEC-EF96CA860862}"
EndProject
Project("{9A19103F-16F7-4668-BE54-9A1E7A4F7556}") = "Gibbed.SleepingDogs.BigUnpack", "projects\Gibbed.SleepingDogs.BigUnpack\Gibbed.SleepingDogs.BigUnpack.csproj", "{EC78E9C8-4A48-4D37-9BBC-46168F36802C}"
EndProject
Project("{9A19103F-16F7-4668-BE54-9A1E7A4F7556}") = "Gibbed.SleepingDogs.XmlUnpack", "projects\Gibbed.SleepingDogs.XmlUnpack\Gibbed.SleepingDogs.XmlUnpack.csproj", "{288B30BA-30B3-4B8B-9678-FCD5F13FDB52}"
EndProject
Project("{9A19103F-16F7-4668-BE54-9A1E7A4F7556}") = "Gibbed.SleepingDogs.PropertySetConvert", "projects\Gibbed.SleepingDogs.PropertySetConvert\Gibbed.SleepingDogs.PropertySetConvert.csproj", "{9E41C15A-791E-4FFB-A74E-20EF68AE7F25}"
EndProject
Project("{9A19103F-16F7-4668-BE54-9A1E7A4F7556}") = "Gibbed.SleepingDogs.DataFormats", "projects\Gibbed.SleepingDogs.DataFormats\Gibbed.SleepingDogs.DataFormats.csproj", "{D8857DDE-5107-4743-A54A-9AF3EE278187}"
EndProject
Project("{9A19103F-16F7-4668-BE54-9A1E7A4F7556}") = "Gibbed.SleepingDogs.PropertySetFormats", "projects\Gibbed.SleepingDogs.PropertySetFormats\Gibbed.SleepingDogs.PropertySetFormats.csproj", "{1BD23B0B-A25F-425C-AE1C-CCF9105B2B06}"
EndProject
Global
	GlobalSection(SolutionConfigurationPlatforms) = preSolution
		Debug|Any CPU = Debug|Any CPU
		Release|Any CPU = Release|Any CPU
	EndGlobalSection
	GlobalSection(ProjectConfigurationPlatforms) = postSolution
		{923CEC88-3028-4B7D-9BD9-D7E5F5B24BE7}.Debug|Any CPU.ActiveCfg = Debug|Any CPU
		{923CEC88-3028-4B7D-9BD9-D7E5F5B24BE7}.Debug|Any CPU.Build.0 = Debug|Any CPU
		{923CEC88-3028-4B7D-9BD9-D7E5F5B24BE7}.Release|Any CPU.ActiveCfg = Release|Any CPU
		{923CEC88-3028-4B7D-9BD9-D7E5F5B24BE7}.Release|Any CPU.Build.0 = Release|Any CPU
		{047857BA-DAA3-4CA7-AFB8-A1B082B28C6A}.Debug|Any CPU.ActiveCfg = Debug|Any CPU
		{047857BA-DAA3-4CA7-AFB8-A1B082B28C6A}.Debug|Any CPU.Build.0 = Debug|Any CPU
		{047857BA-DAA3-4CA7-AFB8-A1B082B28C6A}.Release|Any CPU.ActiveCfg = Release|Any CPU
		{047857BA-DAA3-4CA7-AFB8-A1B082B28C6A}.Release|Any CPU.Build.0 = Release|Any CPU
		{F27A289E-3376-4653-89F3-D19C1ECABF33}.Debug|Any CPU.ActiveCfg = Debug|Any CPU
		{F27A289E-3376-4653-89F3-D19C1ECABF33}.Debug|Any CPU.Build.0 = Debug|Any CPU
		{F27A289E-3376-4653-89F3-D19C1ECABF33}.Release|Any CPU.ActiveCfg = Release|Any CPU
		{F27A289E-3376-4653-89F3-D19C1ECABF33}.Release|Any CPU.Build.0 = Release|Any CPU
		{C98A6CD6-9422-4B35-8B7A-F520D75534D1}.Debug|Any CPU.ActiveCfg = Debug|Any CPU
		{C98A6CD6-9422-4B35-8B7A-F520D75534D1}.Debug|Any CPU.Build.0 = Debug|Any CPU
		{C98A6CD6-9422-4B35-8B7A-F520D75534D1}.Release|Any CPU.ActiveCfg = Release|Any CPU
		{C98A6CD6-9422-4B35-8B7A-F520D75534D1}.Release|Any CPU.Build.0 = Release|Any CPU
		{4D93E22C-A19D-4044-ACEC-EF96CA860862}.Debug|Any CPU.ActiveCfg = Debug|Any CPU
		{4D93E22C-A19D-4044-ACEC-EF96CA860862}.Debug|Any CPU.Build.0 = Debug|Any CPU
		{4D93E22C-A19D-4044-ACEC-EF96CA860862}.Release|Any CPU.ActiveCfg = Release|Any CPU
		{4D93E22C-A19D-4044-ACEC-EF96CA860862}.Release|Any CPU.Build.0 = Release|Any CPU
		{EC78E9C8-4A48-4D37-9BBC-46168F36802C}.Debug|Any CPU.ActiveCfg = Debug|Any CPU
		{EC78E9C8-4A48-4D37-9BBC-46168F36802C}.Debug|Any CPU.Build.0 = Debug|Any CPU
		{EC78E9C8-4A48-4D37-9BBC-46168F36802C}.Release|Any CPU.ActiveCfg = Release|Any CPU
		{EC78E9C8-4A48-4D37-9BBC-46168F36802C}.Release|Any CPU.Build.0 = Release|Any CPU
		{288B30BA-30B3-4B8B-9678-FCD5F13FDB52}.Debug|Any CPU.ActiveCfg = Debug|Any CPU
		{288B30BA-30B3-4B8B-9678-FCD5F13FDB52}.Debug|Any CPU.Build.0 = Debug|Any CPU
		{288B30BA-30B3-4B8B-9678-FCD5F13FDB52}.Release|Any CPU.ActiveCfg = Release|Any CPU
		{288B30BA-30B3-4B8B-9678-FCD5F13FDB52}.Release|Any CPU.Build.0 = Release|Any CPU
		{9E41C15A-791E-4FFB-A74E-20EF68AE7F25}.Debug|Any CPU.ActiveCfg = Debug|Any CPU
		{9E41C15A-791E-4FFB-A74E-20EF68AE7F25}.Debug|Any CPU.Build.0 = Debug|Any CPU
		{9E41C15A-791E-4FFB-A74E-20EF68AE7F25}.Release|Any CPU.ActiveCfg = Release|Any CPU
		{9E41C15A-791E-4FFB-A74E-20EF68AE7F25}.Release|Any CPU.Build.0 = Release|Any CPU
		{D8857DDE-5107-4743-A54A-9AF3EE278187}.Debug|Any CPU.ActiveCfg = Debug|Any CPU
		{D8857DDE-5107-4743-A54A-9AF3EE278187}.Debug|Any CPU.Build.0 = Debug|Any CPU
		{D8857DDE-5107-4743-A54A-9AF3EE278187}.Release|Any CPU.ActiveCfg = Release|Any CPU
		{D8857DDE-5107-4743-A54A-9AF3EE278187}.Release|Any CPU.Build.0 = Release|Any CPU
		{1BD23B0B-A25F-425C-AE1C-CCF9105B2B06}.Debug|Any CPU.ActiveCfg = Debug|Any CPU
		{1BD23B0B-A25F-425C-AE1C-CCF9105B2B06}.Debug|Any CPU.Build.0 = Debug|Any CPU
		{1BD23B0B-A25F-425C-AE1C-CCF9105B2B06}.Release|Any CPU.ActiveCfg = Release|Any CPU
		{1BD23B0B-A25F-425C-AE1C-CCF9105B2B06}.Release|Any CPU.Build.0 = Release|Any CPU
	EndGlobalSection
	GlobalSection(SolutionProperties) = preSolution
		HideSolutionNode = FALSE
	EndGlobalSection
	GlobalSection(NestedProjects) = preSolution
		{047857BA-DAA3-4CA7-AFB8-A1B082B28C6A} = {AB74611D-7D06-409D-BFE1-4D8ABAE3CA5C}
		{F27A289E-3376-4653-89F3-D19C1ECABF33} = {AB74611D-7D06-409D-BFE1-4D8ABAE3CA5C}
		{C98A6CD6-9422-4B35-8B7A-F520D75534D1} = {AB74611D-7D06-409D-BFE1-4D8ABAE3CA5C}
	EndGlobalSection
	GlobalSection(ExtensibilityGlobals) = postSolution
		SolutionGuid = {716C7752-3BF4-4EBA-89FE-7C33890D61BE}
	EndGlobalSection
EndGlobal
